// !$*UTF8*$!
{
	archiveVersion = 1;
	classes = {
	};
	objectVersion = 56;
	objects = {

/* Begin PBXBuildFile section */
		04D4B2052BBF17710050723C /* AppDelegate.swift in Sources */ = {isa = PBXBuildFile; fileRef = 04D4B2042BBF17710050723C /* AppDelegate.swift */; };
		04D4B2072BBF17710050723C /* SceneDelegate.swift in Sources */ = {isa = PBXBuildFile; fileRef = 04D4B2062BBF17710050723C /* SceneDelegate.swift */; };
		04D4B2092BBF17710050723C /* ViewController.swift in Sources */ = {isa = PBXBuildFile; fileRef = 04D4B2082BBF17710050723C /* ViewController.swift */; };
		04D4B20E2BBF17730050723C /* Assets.xcassets in Resources */ = {isa = PBXBuildFile; fileRef = 04D4B20D2BBF17730050723C /* Assets.xcassets */; };
		04D4B2112BBF17730050723C /* LaunchScreen.storyboard in Resources */ = {isa = PBXBuildFile; fileRef = 04D4B20F2BBF17730050723C /* LaunchScreen.storyboard */; };
		04D4B2192BBF18560050723C /* Poppins-SemiBold.ttf in Resources */ = {isa = PBXBuildFile; fileRef = 04D4B2182BBF18560050723C /* Poppins-SemiBold.ttf */; };
		04FC4AE62BBFC76E00E5885A /* SnapKit in Frameworks */ = {isa = PBXBuildFile; productRef = 04FC4AE52BBFC76E00E5885A /* SnapKit */; };
		04FC4AE82BBFC76E00E5885A /* SnapKit-Dynamic in Frameworks */ = {isa = PBXBuildFile; productRef = 04FC4AE72BBFC76E00E5885A /* SnapKit-Dynamic */; };
		04FC4AEA2BC12A8900E5885A /* loginView.swift in Sources */ = {isa = PBXBuildFile; fileRef = 04FC4AE92BC12A8900E5885A /* loginView.swift */; };
		04FC4AEC2BC130D500E5885A /* emailTextField.swift in Sources */ = {isa = PBXBuildFile; fileRef = 04FC4AEB2BC130D500E5885A /* emailTextField.swift */; };
		04FC4AEE2BC134DC00E5885A /* passwordTextField.swift in Sources */ = {isa = PBXBuildFile; fileRef = 04FC4AED2BC134DC00E5885A /* passwordTextField.swift */; };
		04FC4AF02BC15FDE00E5885A /* signUpView.swift in Sources */ = {isa = PBXBuildFile; fileRef = 04FC4AEF2BC15FDE00E5885A /* signUpView.swift */; };
/* End PBXBuildFile section */

/* Begin PBXFileReference section */
		04D4B2012BBF17710050723C /* loginAndSignUp.app */ = {isa = PBXFileReference; explicitFileType = wrapper.application; includeInIndex = 0; path = loginAndSignUp.app; sourceTree = BUILT_PRODUCTS_DIR; };
		04D4B2042BBF17710050723C /* AppDelegate.swift */ = {isa = PBXFileReference; lastKnownFileType = sourcecode.swift; path = AppDelegate.swift; sourceTree = "<group>"; };
		04D4B2062BBF17710050723C /* SceneDelegate.swift */ = {isa = PBXFileReference; lastKnownFileType = sourcecode.swift; path = SceneDelegate.swift; sourceTree = "<group>"; };
		04D4B2082BBF17710050723C /* ViewController.swift */ = {isa = PBXFileReference; lastKnownFileType = sourcecode.swift; path = ViewController.swift; sourceTree = "<group>"; };
		04D4B20D2BBF17730050723C /* Assets.xcassets */ = {isa = PBXFileReference; lastKnownFileType = folder.assetcatalog; path = Assets.xcassets; sourceTree = "<group>"; };
		04D4B2102BBF17730050723C /* Base */ = {isa = PBXFileReference; lastKnownFileType = file.storyboard; name = Base; path = Base.lproj/LaunchScreen.storyboard; sourceTree = "<group>"; };
		04D4B2122BBF17730050723C /* Info.plist */ = {isa = PBXFileReference; lastKnownFileType = text.plist.xml; path = Info.plist; sourceTree = "<group>"; };
		04D4B2182BBF18560050723C /* Poppins-SemiBold.ttf */ = {isa = PBXFileReference; lastKnownFileType = file; name = "Poppins-SemiBold.ttf"; path = "../../../Downloads/Poppins/Poppins-SemiBold.ttf"; sourceTree = "<group>"; };
		04FC4AE92BC12A8900E5885A /* loginView.swift */ = {isa = PBXFileReference; lastKnownFileType = sourcecode.swift; path = loginView.swift; sourceTree = "<group>"; };
		04FC4AEB2BC130D500E5885A /* emailTextField.swift */ = {isa = PBXFileReference; lastKnownFileType = sourcecode.swift; path = emailTextField.swift; sourceTree = "<group>"; };
		04FC4AED2BC134DC00E5885A /* passwordTextField.swift */ = {isa = PBXFileReference; lastKnownFileType = sourcecode.swift; path = passwordTextField.swift; sourceTree = "<group>"; };
		04FC4AEF2BC15FDE00E5885A /* signUpView.swift */ = {isa = PBXFileReference; lastKnownFileType = sourcecode.swift; path = signUpView.swift; sourceTree = "<group>"; };
/* End PBXFileReference section */

/* Begin PBXFrameworksBuildPhase section */
		04D4B1FE2BBF17710050723C /* Frameworks */ = {
			isa = PBXFrameworksBuildPhase;
			buildActionMask = 2147483647;
			files = (
				04FC4AE62BBFC76E00E5885A /* SnapKit in Frameworks */,
				04FC4AE82BBFC76E00E5885A /* SnapKit-Dynamic in Frameworks */,
			);
			runOnlyForDeploymentPostprocessing = 0;
		};
/* End PBXFrameworksBuildPhase section */

/* Begin PBXGroup section */
		04D4B1F82BBF17710050723C = {
			isa = PBXGroup;
			children = (
				04D4B2032BBF17710050723C /* loginAndSignUp */,
				04D4B2022BBF17710050723C /* Products */,
			);
			sourceTree = "<group>";
		};
		04D4B2022BBF17710050723C /* Products */ = {
			isa = PBXGroup;
			children = (
				04D4B2012BBF17710050723C /* loginAndSignUp.app */,
			);
			name = Products;
			sourceTree = "<group>";
		};
		04D4B2032BBF17710050723C /* loginAndSignUp */ = {
			isa = PBXGroup;
			children = (
				04D4B2182BBF18560050723C /* Poppins-SemiBold.ttf */,
				04D4B2042BBF17710050723C /* AppDelegate.swift */,
				04D4B2062BBF17710050723C /* SceneDelegate.swift */,
				04D4B2082BBF17710050723C /* ViewController.swift */,
				04D4B20D2BBF17730050723C /* Assets.xcassets */,
				04D4B20F2BBF17730050723C /* LaunchScreen.storyboard */,
				04D4B2122BBF17730050723C /* Info.plist */,
				04FC4AE92BC12A8900E5885A /* loginView.swift */,
				04FC4AEB2BC130D500E5885A /* emailTextField.swift */,
				04FC4AED2BC134DC00E5885A /* passwordTextField.swift */,
				04FC4AEF2BC15FDE00E5885A /* signUpView.swift */,
			);
			path = loginAndSignUp;
			sourceTree = "<group>";
		};
/* End PBXGroup section */

/* Begin PBXNativeTarget section */
		04D4B2002BBF17710050723C /* loginAndSignUp */ = {
			isa = PBXNativeTarget;
			buildConfigurationList = 04D4B2152BBF17730050723C /* Build configuration list for PBXNativeTarget "loginAndSignUp" */;
			buildPhases = (
				04D4B1FD2BBF17710050723C /* Sources */,
				04D4B1FE2BBF17710050723C /* Frameworks */,
				04D4B1FF2BBF17710050723C /* Resources */,
			);
			buildRules = (
			);
			dependencies = (
			);
			name = loginAndSignUp;
			packageProductDependencies = (
				04FC4AE52BBFC76E00E5885A /* SnapKit */,
				04FC4AE72BBFC76E00E5885A /* SnapKit-Dynamic */,
			);
			productName = loginAndSignUp;
			productReference = 04D4B2012BBF17710050723C /* loginAndSignUp.app */;
			productType = "com.apple.product-type.application";
		};
/* End PBXNativeTarget section */

/* Begin PBXProject section */
		04D4B1F92BBF17710050723C /* Project object */ = {
			isa = PBXProject;
			attributes = {
				BuildIndependentTargetsInParallel = 1;
				LastSwiftUpdateCheck = 1520;
				LastUpgradeCheck = 1520;
				TargetAttributes = {
					04D4B2002BBF17710050723C = {
						CreatedOnToolsVersion = 15.2;
					};
				};
			};
			buildConfigurationList = 04D4B1FC2BBF17710050723C /* Build configuration list for PBXProject "loginAndSignUp" */;
			compatibilityVersion = "Xcode 14.0";
			developmentRegion = en;
			hasScannedForEncodings = 0;
			knownRegions = (
				en,
				Base,
			);
			mainGroup = 04D4B1F82BBF17710050723C;
			packageReferences = (
				04FC4AE42BBFC76E00E5885A /* XCRemoteSwiftPackageReference "SnapKit" */,
			);
			productRefGroup = 04D4B2022BBF17710050723C /* Products */;
			projectDirPath = "";
			projectRoot = "";
			targets = (
				04D4B2002BBF17710050723C /* loginAndSignUp */,
			);
		};
/* End PBXProject section */

/* Begin PBXResourcesBuildPhase section */
		04D4B1FF2BBF17710050723C /* Resources */ = {
			isa = PBXResourcesBuildPhase;
			buildActionMask = 2147483647;
			files = (
				04D4B2112BBF17730050723C /* LaunchScreen.storyboard in Resources */,
				04D4B2192BBF18560050723C /* Poppins-SemiBold.ttf in Resources */,
				04D4B20E2BBF17730050723C /* Assets.xcassets in Resources */,
			);
			runOnlyForDeploymentPostprocessing = 0;
		};
/* End PBXResourcesBuildPhase section */

/* Begin PBXSourcesBuildPhase section */
		04D4B1FD2BBF17710050723C /* Sources */ = {
			isa = PBXSourcesBuildPhase;
			buildActionMask = 2147483647;
			files = (
				04FC4AF02BC15FDE00E5885A /* signUpView.swift in Sources */,
				04D4B2092BBF17710050723C /* ViewController.swift in Sources */,
				04FC4AEC2BC130D500E5885A /* emailTextField.swift in Sources */,
				04D4B2052BBF17710050723C /* AppDelegate.swift in Sources */,
				04FC4AEA2BC12A8900E5885A /* loginView.swift in Sources */,
				04FC4AEE2BC134DC00E5885A /* passwordTextField.swift in Sources */,
				04D4B2072BBF17710050723C /* SceneDelegate.swift in Sources */,
			);
			runOnlyForDeploymentPostprocessing = 0;
		};
/* End PBXSourcesBuildPhase section */

/* Begin PBXVariantGroup section */
		04D4B20F2BBF17730050723C /* LaunchScreen.storyboard */ = {
			isa = PBXVariantGroup;
			children = (
				04D4B2102BBF17730050723C /* Base */,
			);
			name = LaunchScreen.storyboard;
			sourceTree = "<group>";
		};
/* End PBXVariantGroup section */

/* Begin XCBuildConfiguration section */
		04D4B2132BBF17730050723C /* Debug */ = {
			isa = XCBuildConfiguration;
			buildSettings = {
				ALWAYS_SEARCH_USER_PATHS = NO;
				ASSETCATALOG_COMPILER_GENERATE_SWIFT_ASSET_SYMBOL_EXTENSIONS = YES;
				CLANG_ANALYZER_NONNULL = YES;
				CLANG_ANALYZER_NUMBER_OBJECT_CONVERSION = YES_AGGRESSIVE;
				CLANG_CXX_LANGUAGE_STANDARD = "gnu++20";
				CLANG_ENABLE_MODULES = YES;
				CLANG_ENABLE_OBJC_ARC = YES;
				CLANG_ENABLE_OBJC_WEAK = YES;
				CLANG_WARN_BLOCK_CAPTURE_AUTORELEASING = YES;
				CLANG_WARN_BOOL_CONVERSION = YES;
				CLANG_WARN_COMMA = YES;
				CLANG_WARN_CONSTANT_CONVERSION = YES;
				CLANG_WARN_DEPRECATED_OBJC_IMPLEMENTATIONS = YES;
				CLANG_WARN_DIRECT_OBJC_ISA_USAGE = YES_ERROR;
				CLANG_WARN_DOCUMENTATION_COMMENTS = YES;
				CLANG_WARN_EMPTY_BODY = YES;
				CLANG_WARN_ENUM_CONVERSION = YES;
				CLANG_WARN_INFINITE_RECURSION = YES;
				CLANG_WARN_INT_CONVERSION = YES;
				CLANG_WARN_NON_LITERAL_NULL_CONVERSION = YES;
				CLANG_WARN_OBJC_IMPLICIT_RETAIN_SELF = YES;
				CLANG_WARN_OBJC_LITERAL_CONVERSION = YES;
				CLANG_WARN_OBJC_ROOT_CLASS = YES_ERROR;
				CLANG_WARN_QUOTED_INCLUDE_IN_FRAMEWORK_HEADER = YES;
				CLANG_WARN_RANGE_LOOP_ANALYSIS = YES;
				CLANG_WARN_STRICT_PROTOTYPES = YES;
				CLANG_WARN_SUSPICIOUS_MOVE = YES;
				CLANG_WARN_UNGUARDED_AVAILABILITY = YES_AGGRESSIVE;
				CLANG_WARN_UNREACHABLE_CODE = YES;
				CLANG_WARN__DUPLICATE_METHOD_MATCH = YES;
				COPY_PHASE_STRIP = NO;
				DEBUG_INFORMATION_FORMAT = dwarf;
				ENABLE_STRICT_OBJC_MSGSEND = YES;
				ENABLE_TESTABILITY = YES;
				ENABLE_USER_SCRIPT_SANDBOXING = YES;
				GCC_C_LANGUAGE_STANDARD = gnu17;
				GCC_DYNAMIC_NO_PIC = NO;
				GCC_NO_COMMON_BLOCKS = YES;
				GCC_OPTIMIZATION_LEVEL = 0;
				GCC_PREPROCESSOR_DEFINITIONS = (
					"DEBUG=1",
					"$(inherited)",
				);
				GCC_WARN_64_TO_32_BIT_CONVERSION = YES;
				GCC_WARN_ABOUT_RETURN_TYPE = YES_ERROR;
				GCC_WARN_UNDECLARED_SELECTOR = YES;
				GCC_WARN_UNINITIALIZED_AUTOS = YES_AGGRESSIVE;
				GCC_WARN_UNUSED_FUNCTION = YES;
				GCC_WARN_UNUSED_VARIABLE = YES;
				IPHONEOS_DEPLOYMENT_TARGET = 17.2;
				LOCALIZATION_PREFERS_STRING_CATALOGS = YES;
				MTL_ENABLE_DEBUG_INFO = INCLUDE_SOURCE;
				MTL_FAST_MATH = YES;
				ONLY_ACTIVE_ARCH = YES;
				SDKROOT = iphoneos;
				SWIFT_ACTIVE_COMPILATION_CONDITIONS = "DEBUG $(inherited)";
				SWIFT_OPTIMIZATION_LEVEL = "-Onone";
			};
			name = Debug;
		};
		04D4B2142BBF17730050723C /* Release */ = {
			isa = XCBuildConfiguration;
			buildSettings = {
				ALWAYS_SEARCH_USER_PATHS = NO;
				ASSETCATALOG_COMPILER_GENERATE_SWIFT_ASSET_SYMBOL_EXTENSIONS = YES;
				CLANG_ANALYZER_NONNULL = YES;
				CLANG_ANALYZER_NUMBER_OBJECT_CONVERSION = YES_AGGRESSIVE;
				CLANG_CXX_LANGUAGE_STANDARD = "gnu++20";
				CLANG_ENABLE_MODULES = YES;
				CLANG_ENABLE_OBJC_ARC = YES;
				CLANG_ENABLE_OBJC_WEAK = YES;
				CLANG_WARN_BLOCK_CAPTURE_AUTORELEASING = YES;
				CLANG_WARN_BOOL_CONVERSION = YES;
				CLANG_WARN_COMMA = YES;
				CLANG_WARN_CONSTANT_CONVERSION = YES;
				CLANG_WARN_DEPRECATED_OBJC_IMPLEMENTATIONS = YES;
				CLANG_WARN_DIRECT_OBJC_ISA_USAGE = YES_ERROR;
				CLANG_WARN_DOCUMENTATION_COMMENTS = YES;
				CLANG_WARN_EMPTY_BODY = YES;
				CLANG_WARN_ENUM_CONVERSION = YES;
				CLANG_WARN_INFINITE_RECURSION = YES;
				CLANG_WARN_INT_CONVERSION = YES;
				CLANG_WARN_NON_LITERAL_NULL_CONVERSION = YES;
				CLANG_WARN_OBJC_IMPLICIT_RETAIN_SELF = YES;
				CLANG_WARN_OBJC_LITERAL_CONVERSION = YES;
				CLANG_WARN_OBJC_ROOT_CLASS = YES_ERROR;
				CLANG_WARN_QUOTED_INCLUDE_IN_FRAMEWORK_HEADER = YES;
				CLANG_WARN_RANGE_LOOP_ANALYSIS = YES;
				CLANG_WARN_STRICT_PROTOTYPES = YES;
				CLANG_WARN_SUSPICIOUS_MOVE = YES;
				CLANG_WARN_UNGUARDED_AVAILABILITY = YES_AGGRESSIVE;
				CLANG_WARN_UNREACHABLE_CODE = YES;
				CLANG_WARN__DUPLICATE_METHOD_MATCH = YES;
				COPY_PHASE_STRIP = NO;
				DEBUG_INFORMATION_FORMAT = "dwarf-with-dsym";
				ENABLE_NS_ASSERTIONS = NO;
				ENABLE_STRICT_OBJC_MSGSEND = YES;
				ENABLE_USER_SCRIPT_SANDBOXING = YES;
				GCC_C_LANGUAGE_STANDARD = gnu17;
				GCC_NO_COMMON_BLOCKS = YES;
				GCC_WARN_64_TO_32_BIT_CONVERSION = YES;
				GCC_WARN_ABOUT_RETURN_TYPE = YES_ERROR;
				GCC_WARN_UNDECLARED_SELECTOR = YES;
				GCC_WARN_UNINITIALIZED_AUTOS = YES_AGGRESSIVE;
				GCC_WARN_UNUSED_FUNCTION = YES;
				GCC_WARN_UNUSED_VARIABLE = YES;
				IPHONEOS_DEPLOYMENT_TARGET = 17.2;
				LOCALIZATION_PREFERS_STRING_CATALOGS = YES;
				MTL_ENABLE_DEBUG_INFO = NO;
				MTL_FAST_MATH = YES;
				SDKROOT = iphoneos;
				SWIFT_COMPILATION_MODE = wholemodule;
				VALIDATE_PRODUCT = YES;
			};
			name = Release;
		};
		04D4B2162BBF17730050723C /* Debug */ = {
			isa = XCBuildConfiguration;
			buildSettings = {
				ASSETCATALOG_COMPILER_APPICON_NAME = AppIcon;
				ASSETCATALOG_COMPILER_GLOBAL_ACCENT_COLOR_NAME = AccentColor;
				ASSETCATALOG_COMPILER_INCLUDE_ALL_APPICON_ASSETS = NO;
				CODE_SIGN_STYLE = Automatic;
				CURRENT_PROJECT_VERSION = 1;
				GENERATE_INFOPLIST_FILE = YES;
				INFOPLIST_FILE = loginAndSignUp/Info.plist;
				INFOPLIST_KEY_UIApplicationSupportsIndirectInputEvents = YES;
				INFOPLIST_KEY_UILaunchStoryboardName = LaunchScreen.storyboard;
				INFOPLIST_KEY_UISupportedInterfaceOrientations_iPad = "UIInterfaceOrientationPortrait UIInterfaceOrientationPortraitUpsideDown UIInterfaceOrientationLandscapeLeft UIInterfaceOrientationLandscapeRight";
				INFOPLIST_KEY_UISupportedInterfaceOrientations_iPhone = "UIInterfaceOrientationPortrait UIInterfaceOrientationLandscapeLeft UIInterfaceOrientationLandscapeRight";
				LD_RUNPATH_SEARCH_PATHS = (
					"$(inherited)",
					"@executable_path/Frameworks",
				);
				MARKETING_VERSION = 1.0;
				PRODUCT_BUNDLE_IDENTIFIER = com.glebmoskalev.loginAndSignUp;
				PRODUCT_NAME = "$(TARGET_NAME)";
				SWIFT_EMIT_LOC_STRINGS = YES;
				SWIFT_VERSION = 5.0;
				TARGETED_DEVICE_FAMILY = "1,2";
			};
			name = Debug;
		};
		04D4B2172BBF17730050723C /* Release */ = {
			isa = XCBuildConfiguration;
			buildSettings = {
				ASSETCATALOG_COMPILER_APPICON_NAME = AppIcon;
				ASSETCATALOG_COMPILER_GLOBAL_ACCENT_COLOR_NAME = AccentColor;
				ASSETCATALOG_COMPILER_INCLUDE_ALL_APPICON_ASSETS = NO;
				CODE_SIGN_STYLE = Automatic;
				CURRENT_PROJECT_VERSION = 1;
				GENERATE_INFOPLIST_FILE = YES;
				INFOPLIST_FILE = loginAndSignUp/Info.plist;
				INFOPLIST_KEY_UIApplicationSupportsIndirectInputEvents = YES;
				INFOPLIST_KEY_UILaunchStoryboardName = LaunchScreen.storyboard;
				INFOPLIST_KEY_UISupportedInterfaceOrientations_iPad = "UIInterfaceOrientationPortrait UIInterfaceOrientationPortraitUpsideDown UIInterfaceOrientationLandscapeLeft UIInterfaceOrientationLandscapeRight";
				INFOPLIST_KEY_UISupportedInterfaceOrientations_iPhone = "UIInterfaceOrientationPortrait UIInterfaceOrientationLandscapeLeft UIInterfaceOrientationLandscapeRight";
				LD_RUNPATH_SEARCH_PATHS = (
					"$(inherited)",
					"@executable_path/Frameworks",
				);
				MARKETING_VERSION = 1.0;
				PRODUCT_BUNDLE_IDENTIFIER = com.glebmoskalev.loginAndSignUp;
				PRODUCT_NAME = "$(TARGET_NAME)";
				SWIFT_EMIT_LOC_STRINGS = YES;
				SWIFT_VERSION = 5.0;
				TARGETED_DEVICE_FAMILY = "1,2";
			};
			name = Release;
		};
/* End XCBuildConfiguration section */

/* Begin XCConfigurationList section */
		04D4B1FC2BBF17710050723C /* Build configuration list for PBXProject "loginAndSignUp" */ = {
			isa = XCConfigurationList;
			buildConfigurations = (
				04D4B2132BBF17730050723C /* Debug */,
				04D4B2142BBF17730050723C /* Release */,
			);
			defaultConfigurationIsVisible = 0;
			defaultConfigurationName = Release;
		};
		04D4B2152BBF17730050723C /* Build configuration list for PBXNativeTarget "loginAndSignUp" */ = {
			isa = XCConfigurationList;
			buildConfigurations = (
				04D4B2162BBF17730050723C /* Debug */,
				04D4B2172BBF17730050723C /* Release */,
			);
			defaultConfigurationIsVisible = 0;
			defaultConfigurationName = Release;
		};
/* End XCConfigurationList section */

/* Begin XCRemoteSwiftPackageReference section */
		04FC4AE42BBFC76E00E5885A /* XCRemoteSwiftPackageReference "SnapKit" */ = {
			isa = XCRemoteSwiftPackageReference;
			repositoryURL = "https://github.com/SnapKit/SnapKit";
			requirement = {
				kind = upToNextMajorVersion;
				minimumVersion = 5.7.1;
			};
		};
/* End XCRemoteSwiftPackageReference section */

/* Begin XCSwiftPackageProductDependency section */
		04FC4AE52BBFC76E00E5885A /* SnapKit */ = {
			isa = XCSwiftPackageProductDependency;
			package = 04FC4AE42BBFC76E00E5885A /* XCRemoteSwiftPackageReference "SnapKit" */;
			productName = SnapKit;
		};
		04FC4AE72BBFC76E00E5885A /* SnapKit-Dynamic */ = {
			isa = XCSwiftPackageProductDependency;
			package = 04FC4AE42BBFC76E00E5885A /* XCRemoteSwiftPackageReference "SnapKit" */;
			productName = "SnapKit-Dynamic";
		};
/* End XCSwiftPackageProductDependency section */
	};
	rootObject = 04D4B1F92BBF17710050723C /* Project object */;
}
